lockfileVersion: '9.0'

settings:
  autoInstallPeers: true
  excludeLinksFromLockfile: false

importers:

  .:
    dependencies:
      '@babel/generator':
        specifier: 8.0.0-alpha.17
        version: 8.0.0-alpha.17
      '@babel/parser':
        specifier: 8.0.0-alpha.17
        version: 8.0.0-alpha.17
      '@babel/traverse':
        specifier: 8.0.0-alpha.17
        version: 8.0.0-alpha.17
      '@babel/types':
        specifier: 8.0.0-alpha.17
        version: 8.0.0-alpha.17
      '@codemirror/autocomplete':
        specifier: ^6.18.6
        version: 6.18.6
      '@codemirror/lang-javascript':
        specifier: ^6.2.3
        version: 6.2.3
      '@codemirror/view':
        specifier: ^6.36.5
        version: 6.36.5
      '@easrng/elements':
        specifier: ^0.1.15
        version: 0.1.15
      '@replit/codemirror-vscode-keymap':
        specifier: ^6.0.2
        version: 6.0.2(@codemirror/autocomplete@6.18.6)(@codemirror/commands@6.8.1)(@codemirror/language@6.11.0)(@codemirror/lint@6.8.5)(@codemirror/search@6.5.10)(@codemirror/state@6.5.2)(@codemirror/view@6.36.5)
      codemirror:
        specifier: ^6.0.1
        version: 6.0.1
      esbuild:
        specifier: ^0.25.2
        version: 0.25.2
      luna-console:
        specifier: ^1.3.5
        version: 1.3.5(luna-data-grid@1.4.1)(luna-dom-viewer@1.8.2)(luna-object-viewer@0.3.1)
      luna-data-grid:
        specifier: ^1.4.1
        version: 1.4.1
      luna-dom-viewer:
        specifier: ^1.8.2
        version: 1.8.2
      luna-object-viewer:
        specifier: ^0.3.1
        version: 0.3.1
      object-inspect:
        specifier: ^1.13.4
        version: 1.13.4
      typescript:
        specifier: ^5.8.3
        version: 5.8.3

packages:

  '@babel/code-frame@8.0.0-alpha.17':
    resolution: {integrity: sha512-1/AC06RmGAL/Q7g7aCGbTEn9EXyLgR3MqmWV1F4zgDmRhYG8Ewb//QIz2nZmRIHnWhXqyHKTUGCCxq/VcLv7bQ==}
    engines: {node: ^18.20.0 || ^20.17.0 || >=22.8.0}

  '@babel/generator@8.0.0-alpha.17':
    resolution: {integrity: sha512-EY7priOiX/dMPF+swNBUQWQxrWxkkUtSb3Gikm5aOUTUdZIWqI7qgV6MWOjdd/yE1Ya0x/0tbmavJBOJxqBnsw==}
    engines: {node: ^18.20.0 || ^20.17.0 || >=22.8.0}

  '@babel/helper-string-parser@8.0.0-alpha.17':
    resolution: {integrity: sha512-0EDJ8CxGs/lMKkfu1SVouk2jD7cO2258TfwDt+PLEG+BH+y2334TB/gP1y89QHc3SYO4osnGsd33hgkyHQ9YUw==}
    engines: {node: ^18.20.0 || ^20.17.0 || >=22.8.0}

  '@babel/helper-validator-identifier@8.0.0-alpha.17':
    resolution: {integrity: sha512-vHzGnLwOKHxyC5fXW1r/95ymXrR22iEw9z9FY3fa4vBKSDJ+Jg/4OFzGLXb/bX4VeM8zte0t40ZCGHI4WtWgTw==}
    engines: {node: ^18.20.0 || ^20.17.0 || >=22.8.0}

  '@babel/parser@8.0.0-alpha.17':
    resolution: {integrity: sha512-TNExtmtwMQ9Ng5C/TENhbhNyU4qOOkLLVhkYsAEhLrEhrBDmIW8XoWO909E38rStZ1Hrz9d7YUZl3QWLqiv/sA==}
    engines: {node: ^18.20.0 || ^20.17.0 || >=22.8.0}
    hasBin: true

  '@babel/template@8.0.0-alpha.17':
    resolution: {integrity: sha512-b6CW6G+aM4+DDjG7FGVHEh/12H24aQaxCOH/lxRlCfp3Vl2OjILynJwEcUfUWv6BO6O33/wK4VP1B8xU5UqsfQ==}
    engines: {node: ^18.20.0 || ^20.17.0 || >=22.8.0}

  '@babel/traverse@8.0.0-alpha.17':
    resolution: {integrity: sha512-tlAK1RCohe5UoHBJWaMa5f6wq1eC3Ie4sm/jTYyDLmKXUVA0ieKw8NQXkl3RGyMQZ8333W8QX16pvJ/MXVaXIg==}
    engines: {node: ^18.20.0 || ^20.17.0 || >=22.8.0}

  '@babel/types@8.0.0-alpha.17':
    resolution: {integrity: sha512-+9mQ43tTM3ga2mc+XHb4Fr2pNj53x4gwl5hc4b5MbsuvZ3E4RiPVUUXAfTqRIO4wj0Z+tqVK+mp2qUWO+LteTA==}
    engines: {node: ^18.20.0 || ^20.17.0 || >=22.8.0}

  '@codemirror/autocomplete@6.18.6':
    resolution: {integrity: sha512-PHHBXFomUs5DF+9tCOM/UoW6XQ4R44lLNNhRaW9PKPTU0D7lIjRg3ElxaJnTwsl/oHiR93WSXDBrekhoUGCPtg==}

  '@codemirror/commands@6.8.1':
    resolution: {integrity: sha512-KlGVYufHMQzxbdQONiLyGQDUW0itrLZwq3CcY7xpv9ZLRHqzkBSoteocBHtMCoY7/Ci4xhzSrToIeLg7FxHuaw==}

  '@codemirror/lang-javascript@6.2.3':
    resolution: {integrity: sha512-8PR3vIWg7pSu7ur8A07pGiYHgy3hHj+mRYRCSG8q+mPIrl0F02rgpGv+DsQTHRTc30rydOsf5PZ7yjKFg2Ackw==}

  '@codemirror/language@6.11.0':
    resolution: {integrity: sha512-A7+f++LodNNc1wGgoRDTt78cOwWm9KVezApgjOMp1W4hM0898nsqBXwF+sbePE7ZRcjN7Sa1Z5m2oN27XkmEjQ==}

  '@codemirror/lint@6.8.5':
    resolution: {integrity: sha512-s3n3KisH7dx3vsoeGMxsbRAgKe4O1vbrnKBClm99PU0fWxmxsx5rR2PfqQgIt+2MMJBHbiJ5rfIdLYfB9NNvsA==}

  '@codemirror/search@6.5.10':
    resolution: {integrity: sha512-RMdPdmsrUf53pb2VwflKGHEe1XVM07hI7vV2ntgw1dmqhimpatSJKva4VA9h4TLUDOD4EIF02201oZurpnEFsg==}

  '@codemirror/state@6.5.2':
    resolution: {integrity: sha512-FVqsPqtPWKVVL3dPSxy8wEF/ymIEuVzF1PK3VbUgrxXpJUSHQWWZz4JMToquRxnkw+36LTamCZG2iua2Ptq0fA==}

  '@codemirror/view@6.36.5':
    resolution: {integrity: sha512-cd+FZEUlu3GQCYnguYm3EkhJ8KJVisqqUsCOKedBoAt/d9c76JUUap6U0UrpElln5k6VyrEOYliMuDAKIeDQLg==}

  '@easrng/elements@0.1.15':
    resolution: {integrity: sha512-ATvEv0K82fdk2tAnWRqeVRvHjSppvNVIkyYsRobhmU50mLS9+T4v7KjNWnHTNKAuQdK5fbtyEz8bHOPoKI7POg==}

  '@esbuild/aix-ppc64@0.25.2':
    resolution: {integrity: sha512-wCIboOL2yXZym2cgm6mlA742s9QeJ8DjGVaL39dLN4rRwrOgOyYSnOaFPhKZGLb2ngj4EyfAFjsNJwPXZvseag==}
    engines: {node: '>=18'}
    cpu: [ppc64]
    os: [aix]

  '@esbuild/android-arm64@0.25.2':
    resolution: {integrity: sha512-5ZAX5xOmTligeBaeNEPnPaeEuah53Id2tX4c2CVP3JaROTH+j4fnfHCkr1PjXMd78hMst+TlkfKcW/DlTq0i4w==}
    engines: {node: '>=18'}
    cpu: [arm64]
    os: [android]

  '@esbuild/android-arm@0.25.2':
    resolution: {integrity: sha512-NQhH7jFstVY5x8CKbcfa166GoV0EFkaPkCKBQkdPJFvo5u+nGXLEH/ooniLb3QI8Fk58YAx7nsPLozUWfCBOJA==}
    engines: {node: '>=18'}
    cpu: [arm]
    os: [android]

  '@esbuild/android-x64@0.25.2':
    resolution: {integrity: sha512-Ffcx+nnma8Sge4jzddPHCZVRvIfQ0kMsUsCMcJRHkGJ1cDmhe4SsrYIjLUKn1xpHZybmOqCWwB0zQvsjdEHtkg==}
    engines: {node: '>=18'}
    cpu: [x64]
    os: [android]

  '@esbuild/darwin-arm64@0.25.2':
    resolution: {integrity: sha512-MpM6LUVTXAzOvN4KbjzU/q5smzryuoNjlriAIx+06RpecwCkL9JpenNzpKd2YMzLJFOdPqBpuub6eVRP5IgiSA==}
    engines: {node: '>=18'}
    cpu: [arm64]
    os: [darwin]

  '@esbuild/darwin-x64@0.25.2':
    resolution: {integrity: sha512-5eRPrTX7wFyuWe8FqEFPG2cU0+butQQVNcT4sVipqjLYQjjh8a8+vUTfgBKM88ObB85ahsnTwF7PSIt6PG+QkA==}
    engines: {node: '>=18'}
    cpu: [x64]
    os: [darwin]

  '@esbuild/freebsd-arm64@0.25.2':
    resolution: {integrity: sha512-mLwm4vXKiQ2UTSX4+ImyiPdiHjiZhIaE9QvC7sw0tZ6HoNMjYAqQpGyui5VRIi5sGd+uWq940gdCbY3VLvsO1w==}
    engines: {node: '>=18'}
    cpu: [arm64]
    os: [freebsd]

  '@esbuild/freebsd-x64@0.25.2':
    resolution: {integrity: sha512-6qyyn6TjayJSwGpm8J9QYYGQcRgc90nmfdUb0O7pp1s4lTY+9D0H9O02v5JqGApUyiHOtkz6+1hZNvNtEhbwRQ==}
    engines: {node: '>=18'}
    cpu: [x64]
    os: [freebsd]

  '@esbuild/linux-arm64@0.25.2':
    resolution: {integrity: sha512-gq/sjLsOyMT19I8obBISvhoYiZIAaGF8JpeXu1u8yPv8BE5HlWYobmlsfijFIZ9hIVGYkbdFhEqC0NvM4kNO0g==}
    engines: {node: '>=18'}
    cpu: [arm64]
    os: [linux]

  '@esbuild/linux-arm@0.25.2':
    resolution: {integrity: sha512-UHBRgJcmjJv5oeQF8EpTRZs/1knq6loLxTsjc3nxO9eXAPDLcWW55flrMVc97qFPbmZP31ta1AZVUKQzKTzb0g==}
    engines: {node: '>=18'}
    cpu: [arm]
    os: [linux]

  '@esbuild/linux-ia32@0.25.2':
    resolution: {integrity: sha512-bBYCv9obgW2cBP+2ZWfjYTU+f5cxRoGGQ5SeDbYdFCAZpYWrfjjfYwvUpP8MlKbP0nwZ5gyOU/0aUzZ5HWPuvQ==}
    engines: {node: '>=18'}
    cpu: [ia32]
    os: [linux]

  '@esbuild/linux-loong64@0.25.2':
    resolution: {integrity: sha512-SHNGiKtvnU2dBlM5D8CXRFdd+6etgZ9dXfaPCeJtz+37PIUlixvlIhI23L5khKXs3DIzAn9V8v+qb1TRKrgT5w==}
    engines: {node: '>=18'}
    cpu: [loong64]
    os: [linux]

  '@esbuild/linux-mips64el@0.25.2':
    resolution: {integrity: sha512-hDDRlzE6rPeoj+5fsADqdUZl1OzqDYow4TB4Y/3PlKBD0ph1e6uPHzIQcv2Z65u2K0kpeByIyAjCmjn1hJgG0Q==}
    engines: {node: '>=18'}
    cpu: [mips64el]
    os: [linux]

  '@esbuild/linux-ppc64@0.25.2':
    resolution: {integrity: sha512-tsHu2RRSWzipmUi9UBDEzc0nLc4HtpZEI5Ba+Omms5456x5WaNuiG3u7xh5AO6sipnJ9r4cRWQB2tUjPyIkc6g==}
    engines: {node: '>=18'}
    cpu: [ppc64]
    os: [linux]

  '@esbuild/linux-riscv64@0.25.2':
    resolution: {integrity: sha512-k4LtpgV7NJQOml/10uPU0s4SAXGnowi5qBSjaLWMojNCUICNu7TshqHLAEbkBdAszL5TabfvQ48kK84hyFzjnw==}
    engines: {node: '>=18'}
    cpu: [riscv64]
    os: [linux]

  '@esbuild/linux-s390x@0.25.2':
    resolution: {integrity: sha512-GRa4IshOdvKY7M/rDpRR3gkiTNp34M0eLTaC1a08gNrh4u488aPhuZOCpkF6+2wl3zAN7L7XIpOFBhnaE3/Q8Q==}
    engines: {node: '>=18'}
    cpu: [s390x]
    os: [linux]

  '@esbuild/linux-x64@0.25.2':
    resolution: {integrity: sha512-QInHERlqpTTZ4FRB0fROQWXcYRD64lAoiegezDunLpalZMjcUcld3YzZmVJ2H/Cp0wJRZ8Xtjtj0cEHhYc/uUg==}
    engines: {node: '>=18'}
    cpu: [x64]
    os: [linux]

  '@esbuild/netbsd-arm64@0.25.2':
    resolution: {integrity: sha512-talAIBoY5M8vHc6EeI2WW9d/CkiO9MQJ0IOWX8hrLhxGbro/vBXJvaQXefW2cP0z0nQVTdQ/eNyGFV1GSKrxfw==}
    engines: {node: '>=18'}
    cpu: [arm64]
    os: [netbsd]

  '@esbuild/netbsd-x64@0.25.2':
    resolution: {integrity: sha512-voZT9Z+tpOxrvfKFyfDYPc4DO4rk06qamv1a/fkuzHpiVBMOhpjK+vBmWM8J1eiB3OLSMFYNaOaBNLXGChf5tg==}
    engines: {node: '>=18'}
    cpu: [x64]
    os: [netbsd]

  '@esbuild/openbsd-arm64@0.25.2':
    resolution: {integrity: sha512-dcXYOC6NXOqcykeDlwId9kB6OkPUxOEqU+rkrYVqJbK2hagWOMrsTGsMr8+rW02M+d5Op5NNlgMmjzecaRf7Tg==}
    engines: {node: '>=18'}
    cpu: [arm64]
    os: [openbsd]

  '@esbuild/openbsd-x64@0.25.2':
    resolution: {integrity: sha512-t/TkWwahkH0Tsgoq1Ju7QfgGhArkGLkF1uYz8nQS/PPFlXbP5YgRpqQR3ARRiC2iXoLTWFxc6DJMSK10dVXluw==}
    engines: {node: '>=18'}
    cpu: [x64]
    os: [openbsd]

  '@esbuild/sunos-x64@0.25.2':
    resolution: {integrity: sha512-cfZH1co2+imVdWCjd+D1gf9NjkchVhhdpgb1q5y6Hcv9TP6Zi9ZG/beI3ig8TvwT9lH9dlxLq5MQBBgwuj4xvA==}
    engines: {node: '>=18'}
    cpu: [x64]
    os: [sunos]

  '@esbuild/win32-arm64@0.25.2':
    resolution: {integrity: sha512-7Loyjh+D/Nx/sOTzV8vfbB3GJuHdOQyrOryFdZvPHLf42Tk9ivBU5Aedi7iyX+x6rbn2Mh68T4qq1SDqJBQO5Q==}
    engines: {node: '>=18'}
    cpu: [arm64]
    os: [win32]

  '@esbuild/win32-ia32@0.25.2':
    resolution: {integrity: sha512-WRJgsz9un0nqZJ4MfhabxaD9Ft8KioqU3JMinOTvobbX6MOSUigSBlogP8QB3uxpJDsFS6yN+3FDBdqE5lg9kg==}
    engines: {node: '>=18'}
    cpu: [ia32]
    os: [win32]

  '@esbuild/win32-x64@0.25.2':
    resolution: {integrity: sha512-kM3HKb16VIXZyIeVrM1ygYmZBKybX8N4p754bw390wGO3Tf2j4L2/WYL+4suWujpgf6GBYs3jv7TyUivdd05JA==}
    engines: {node: '>=18'}
    cpu: [x64]
    os: [win32]

  '@jridgewell/gen-mapping@0.3.8':
    resolution: {integrity: sha512-imAbBGkb+ebQyxKgzv5Hu2nmROxoDOXHh80evxdoXNOrvAnVx7zimzc1Oo5h9RlfV4vPXaE2iM5pOFbvOCClWA==}
    engines: {node: '>=6.0.0'}

  '@jridgewell/resolve-uri@3.1.2':
    resolution: {integrity: sha512-bRISgCIjP20/tbWSPWMEi54QVPRZExkuD9lJL+UIxUKtwVJA8wW1Trb1jMs1RFXo1CBTNZ/5hpC9QvmKWdopKw==}
    engines: {node: '>=6.0.0'}

  '@jridgewell/set-array@1.2.1':
    resolution: {integrity: sha512-R8gLRTZeyp03ymzP/6Lil/28tGeGEzhx1q2k703KGWRAI1VdvPIXdG70VJc2pAMw3NA6JKL5hhFu1sJX0Mnn/A==}
    engines: {node: '>=6.0.0'}

  '@jridgewell/sourcemap-codec@1.5.0':
    resolution: {integrity: sha512-gv3ZRaISU3fjPAgNsriBRqGWQL6quFx04YMPW/zD8XMLsU32mhCCbfbO6KZFLjvYpCZ8zyDEgqsgf+PwPaM7GQ==}

  '@jridgewell/trace-mapping@0.3.25':
    resolution: {integrity: sha512-vNk6aEwybGtawWmy/PzwnGDOjCkLWSD2wqvjGGAgOAwCGWySYXfYoxt00IJkTF+8Lb57DwOb3Aa0o9CApepiYQ==}

  '@lezer/common@1.2.3':
    resolution: {integrity: sha512-w7ojc8ejBqr2REPsWxJjrMFsA/ysDCFICn8zEOR9mrqzOu2amhITYuLD8ag6XZf0CFXDrhKqw7+tW8cX66NaDA==}

  '@lezer/highlight@1.2.1':
    resolution: {integrity: sha512-Z5duk4RN/3zuVO7Jq0pGLJ3qynpxUVsh7IbUbGj88+uV2ApSAn6kWg2au3iJb+0Zi7kKtqffIESgNcRXWZWmSA==}

  '@lezer/javascript@1.4.21':
    resolution: {integrity: sha512-lL+1fcuxWYPURMM/oFZLEDm0XuLN128QPV+VuGtKpeaOGdcl9F2LYC3nh1S9LkPqx9M0mndZFdXCipNAZpzIkQ==}

  '@lezer/lr@1.4.2':
    resolution: {integrity: sha512-pu0K1jCIdnQ12aWNaAVU5bzi7Bd1w54J3ECgANPmYLtQKP0HBj2cE/5coBD66MT10xbtIuUr7tg0Shbsvk0mDA==}

  '@marijn/find-cluster-break@1.0.2':
    resolution: {integrity: sha512-l0h88YhZFyKdXIFNfSWpyjStDjGHwZ/U7iobcK1cQQD8sejsONdQtTVU+1wVN1PBw40PiiHB1vA5S7VTfQiP9g==}

  '@preact/signals-core@1.8.0':
    resolution: {integrity: sha512-OBvUsRZqNmjzCZXWLxkZfhcgT+Fk8DDcT/8vD6a1xhDemodyy87UJRJfASMuSD8FaAIeGgGm85ydXhm7lr4fyA==}

  '@replit/codemirror-vscode-keymap@6.0.2':
    resolution: {integrity: sha512-j45qTwGxzpsv82lMD/NreGDORFKSctMDVkGRopaP+OrzSzv+pXDQuU3LnFvKpasyjVT0lf+PKG1v2DSCn/vxxg==}
    peerDependencies:
      '@codemirror/autocomplete': ^6.0.0
      '@codemirror/commands': ^6.0.0
      '@codemirror/language': ^6.0.0
      '@codemirror/lint': ^6.0.0
      '@codemirror/search': ^6.0.0
      '@codemirror/state': ^6.0.0
      '@codemirror/view': ^6.0.0

  codemirror@6.0.1:
    resolution: {integrity: sha512-J8j+nZ+CdWmIeFIGXEFbFPtpiYacFMDR8GlHK3IyHQJMCaVRfGx9NT+Hxivv1ckLWPvNdZqndbr/7lVhrf/Svg==}

  crelt@1.0.6:
    resolution: {integrity: sha512-VQ2MBenTq1fWZUH9DJNGti7kKv6EeAuYr3cLwxUWhIu1baTaXh4Ib5W2CqHVqib4/MqbYGJqiL3Zb8GJZr3l4g==}

  debug@4.4.0:
    resolution: {integrity: sha512-6WTZ/IxCY/T6BALoZHaE4ctp9xm+Z5kY/pzYaCHRFeyVhojxlrm+46y68HA6hr0TcwEssoxNiDEUJQjfPZ/RYA==}
    engines: {node: '>=6.0'}
    peerDependencies:
      supports-color: '*'
    peerDependenciesMeta:
      supports-color:
        optional: true

  esbuild@0.25.2:
    resolution: {integrity: sha512-16854zccKPnC+toMywC+uKNeYSv+/eXkevRAfwRD/G9Cleq66m8XFIrigkbvauLLlCfDL45Q2cWegSg53gGBnQ==}
    engines: {node: '>=18'}
    hasBin: true

  globals@15.15.0:
    resolution: {integrity: sha512-7ACyT3wmyp3I61S4fG682L0VA2RGD9otkqGJIwNUMF1SWUombIIk+af1unuDYgMm082aHYwD+mzJvv9Iu8dsgg==}
    engines: {node: '>=18'}

  js-tokens@8.0.3:
    resolution: {integrity: sha512-UfJMcSJc+SEXEl9lH/VLHSZbThQyLpw1vLO1Lb+j4RWDvG3N2f7yj3PVQA3cmkTBNldJ9eFnM+xEXxHIXrYiJw==}

  js-tokens@9.0.1:
    resolution: {integrity: sha512-mxa9E9ITFOt0ban3j6L5MpjwegGz6lBQmM1IJkWeBZGcMxto50+eWdjC/52xDbS2vy0k7vIMK0Fe2wfL9OQSpQ==}

  jsesc@3.1.0:
    resolution: {integrity: sha512-/sM3dO2FOzXjKQhJuo0Q173wf2KOo8t4I8vHy6lF9poUp7bKT0/NHE8fPX23PwfhnykfqnC2xRxOnVw5XuGIaA==}
    engines: {node: '>=6'}
    hasBin: true

  licia@1.48.0:
    resolution: {integrity: sha512-bBWiT5CSdEtwuAHiYTJ74yItCjIFdHi4xiFk6BRDfKa+sdCpkUHp69YKb5udNOJlHDzFjNjcMgNZ/+wQIHrB8A==}

  luna-console@1.3.5:
    resolution: {integrity: sha512-Ac4g4y5AwTABPZpw/y5TEVpZxA7yA9w/BRmWKCdO3Qr0M/BTGxbjjH6UTWPcKIUfu3QO+cBsmK6+qL+OBZQb9A==}
    peerDependencies:
      luna-data-grid: ^1.0.0
      luna-dom-viewer: ^1.4.0
      luna-object-viewer: ^0.3.1

  luna-data-grid@1.4.1:
    resolution: {integrity: sha512-Blo7PP+86LBaiCie5hNeXxQgpodMQGD2ReczFvn2NXZhV6FVKLQC3TL2avSqCsFmIXon09w1zzJVhdh+fVhpCQ==}

  luna-dom-viewer@1.8.2:
    resolution: {integrity: sha512-37yiSYLBeu2TyHp1iQMVrYsAkH4X5Hkn0UYIaTlvTTEc6uSdu5aBI67zHnuXV2FVmOoa0kJhFK/GsUKsFibaCQ==}

  luna-object-viewer@0.3.1:
    resolution: {integrity: sha512-byynxixA8aAzSg9LymFDzPPrhKCPBOiELnOGxuztAXmes7W7OFqGkiLSyV8ECDvRimF1WewVmyOdxyhsLVquFg==}

  magic-string@0.30.17:
    resolution: {integrity: sha512-sNPKHvyjVf7gyjwS4xGTaW/mCnF8wnjtifKBEhxfZ7E/S8tQ0rssrwGNn6q8JH/ohItJfSQp9mBtQYuTlH5QnA==}

  ms@2.1.3:
    resolution: {integrity: sha512-6FlzubTLZG3J2a/NVCAleEhjzq5oxgHyaCU9yYXvcLsvoVaHJq/s5xXI6/XXP6tz7R9xAOtHnSO/tXtF3WRTlA==}

  object-inspect@1.13.4:
    resolution: {integrity: sha512-W67iLl4J2EXEGTbfeHCffrjDfitvLANg0UlX3wFUUSTx92KXRFegMHUVgSqE+wvhAbi4WqjGg9czysTV2Epbew==}
    engines: {node: '>= 0.4'}

  picocolors@1.1.1:
    resolution: {integrity: sha512-xceH2snhtb5M9liqDsmEw56le376mTZkEX/jEb/RxNFyegNul7eNslCXP9FDj/Lcu0X8KEyMceP2ntpaHrDEVA==}

  style-mod@4.1.2:
    resolution: {integrity: sha512-wnD1HyVqpJUI2+eKZ+eo1UwghftP6yuFheBqqe+bWCotBjC2K1YnteJILRMs3SM4V/0dLEW1SC27MWP5y+mwmw==}

  typescript-template-language-service-decorator@2.3.2:
    resolution: {integrity: sha512-hN0zNkr5luPCeXTlXKxsfBPlkAzx86ZRM1vPdL7DbEqqWoeXSxplACy98NpKpLmXsdq7iePUzAXloCAoPKBV6A==}

  typescript@5.8.3:
    resolution: {integrity: sha512-p1diW6TqL9L07nNxvRMM7hMMw4c5XOo/1ibL4aAIGmSAt9slTE1Xgw5KWuof2uTOvCg9BY7ZRi+GaF+7sfgPeQ==}
    engines: {node: '>=14.17'}
    hasBin: true

  w3c-keyname@2.2.8:
    resolution: {integrity: sha512-dpojBhNsCNN7T82Tm7k26A6G9ML3NkhDsnw9n/eoxSRlVBB4CEtIQ/KTCLI2Fwf3ataSXRhYFkQi3SlnFwPvPQ==}

snapshots:

  '@babel/code-frame@8.0.0-alpha.17':
    dependencies:
      '@babel/helper-validator-identifier': 8.0.0-alpha.17
      js-tokens: 8.0.3
      picocolors: 1.1.1

  '@babel/generator@8.0.0-alpha.17':
    dependencies:
      '@babel/parser': 8.0.0-alpha.17
      '@babel/types': 8.0.0-alpha.17
      '@jridgewell/gen-mapping': 0.3.8
      '@jridgewell/trace-mapping': 0.3.25
      jsesc: 3.1.0

  '@babel/helper-string-parser@8.0.0-alpha.17': {}

  '@babel/helper-validator-identifier@8.0.0-alpha.17': {}

  '@babel/parser@8.0.0-alpha.17':
    dependencies:
      '@babel/types': 8.0.0-alpha.17

  '@babel/template@8.0.0-alpha.17':
    dependencies:
      '@babel/code-frame': 8.0.0-alpha.17
      '@babel/parser': 8.0.0-alpha.17
      '@babel/types': 8.0.0-alpha.17

  '@babel/traverse@8.0.0-alpha.17':
    dependencies:
      '@babel/code-frame': 8.0.0-alpha.17
      '@babel/generator': 8.0.0-alpha.17
      '@babel/parser': 8.0.0-alpha.17
      '@babel/template': 8.0.0-alpha.17
      '@babel/types': 8.0.0-alpha.17
      debug: 4.4.0
      globals: 15.15.0
    transitivePeerDependencies:
      - supports-color

  '@babel/types@8.0.0-alpha.17':
    dependencies:
      '@babel/helper-string-parser': 8.0.0-alpha.17
      '@babel/helper-validator-identifier': 8.0.0-alpha.17

  '@codemirror/autocomplete@6.18.6':
    dependencies:
      '@codemirror/language': 6.11.0
      '@codemirror/state': 6.5.2
      '@codemirror/view': 6.36.5
      '@lezer/common': 1.2.3

  '@codemirror/commands@6.8.1':
    dependencies:
      '@codemirror/language': 6.11.0
      '@codemirror/state': 6.5.2
      '@codemirror/view': 6.36.5
      '@lezer/common': 1.2.3

  '@codemirror/lang-javascript@6.2.3':
    dependencies:
      '@codemirror/autocomplete': 6.18.6
      '@codemirror/language': 6.11.0
      '@codemirror/lint': 6.8.5
      '@codemirror/state': 6.5.2
      '@codemirror/view': 6.36.5
      '@lezer/common': 1.2.3
      '@lezer/javascript': 1.4.21

  '@codemirror/language@6.11.0':
    dependencies:
      '@codemirror/state': 6.5.2
      '@codemirror/view': 6.36.5
      '@lezer/common': 1.2.3
      '@lezer/highlight': 1.2.1
      '@lezer/lr': 1.4.2
      style-mod: 4.1.2

  '@codemirror/lint@6.8.5':
    dependencies:
      '@codemirror/state': 6.5.2
      '@codemirror/view': 6.36.5
      crelt: 1.0.6

  '@codemirror/search@6.5.10':
    dependencies:
      '@codemirror/state': 6.5.2
      '@codemirror/view': 6.36.5
      crelt: 1.0.6

  '@codemirror/state@6.5.2':
    dependencies:
      '@marijn/find-cluster-break': 1.0.2

  '@codemirror/view@6.36.5':
    dependencies:
      '@codemirror/state': 6.5.2
      style-mod: 4.1.2
      w3c-keyname: 2.2.8

  '@easrng/elements@0.1.15':
    dependencies:
      '@preact/signals-core': 1.8.0
      js-tokens: 9.0.1
      magic-string: 0.30.17
      typescript-template-language-service-decorator: 2.3.2

  '@esbuild/aix-ppc64@0.25.2':
    optional: true

  '@esbuild/android-arm64@0.25.2':
    optional: true

  '@esbuild/android-arm@0.25.2':
    optional: true

  '@esbuild/android-x64@0.25.2':
    optional: true

  '@esbuild/darwin-arm64@0.25.2':
    optional: true

  '@esbuild/darwin-x64@0.25.2':
    optional: true

  '@esbuild/freebsd-arm64@0.25.2':
    optional: true

  '@esbuild/freebsd-x64@0.25.2':
    optional: true

  '@esbuild/linux-arm64@0.25.2':
    optional: true

  '@esbuild/linux-arm@0.25.2':
    optional: true

  '@esbuild/linux-ia32@0.25.2':
    optional: true

  '@esbuild/linux-loong64@0.25.2':
    optional: true

  '@esbuild/linux-mips64el@0.25.2':
    optional: true

  '@esbuild/linux-ppc64@0.25.2':
    optional: true

  '@esbuild/linux-riscv64@0.25.2':
    optional: true

  '@esbuild/linux-s390x@0.25.2':
    optional: true

  '@esbuild/linux-x64@0.25.2':
    optional: true

  '@esbuild/netbsd-arm64@0.25.2':
    optional: true

  '@esbuild/netbsd-x64@0.25.2':
    optional: true

  '@esbuild/openbsd-arm64@0.25.2':
    optional: true

  '@esbuild/openbsd-x64@0.25.2':
    optional: true

  '@esbuild/sunos-x64@0.25.2':
    optional: true

  '@esbuild/win32-arm64@0.25.2':
    optional: true

  '@esbuild/win32-ia32@0.25.2':
    optional: true

  '@esbuild/win32-x64@0.25.2':
    optional: true

  '@jridgewell/gen-mapping@0.3.8':
    dependencies:
      '@jridgewell/set-array': 1.2.1
      '@jridgewell/sourcemap-codec': 1.5.0
      '@jridgewell/trace-mapping': 0.3.25

  '@jridgewell/resolve-uri@3.1.2': {}

  '@jridgewell/set-array@1.2.1': {}

  '@jridgewell/sourcemap-codec@1.5.0': {}

  '@jridgewell/trace-mapping@0.3.25':
    dependencies:
      '@jridgewell/resolve-uri': 3.1.2
      '@jridgewell/sourcemap-codec': 1.5.0

  '@lezer/common@1.2.3': {}

  '@lezer/highlight@1.2.1':
    dependencies:
      '@lezer/common': 1.2.3

  '@lezer/javascript@1.4.21':
    dependencies:
      '@lezer/common': 1.2.3
      '@lezer/highlight': 1.2.1
      '@lezer/lr': 1.4.2

  '@lezer/lr@1.4.2':
    dependencies:
      '@lezer/common': 1.2.3

  '@marijn/find-cluster-break@1.0.2': {}

  '@preact/signals-core@1.8.0': {}

  '@replit/codemirror-vscode-keymap@6.0.2(@codemirror/autocomplete@6.18.6)(@codemirror/commands@6.8.1)(@codemirror/language@6.11.0)(@codemirror/lint@6.8.5)(@codemirror/search@6.5.10)(@codemirror/state@6.5.2)(@codemirror/view@6.36.5)':
    dependencies:
      '@codemirror/autocomplete': 6.18.6
      '@codemirror/commands': 6.8.1
      '@codemirror/language': 6.11.0
      '@codemirror/lint': 6.8.5
      '@codemirror/search': 6.5.10
      '@codemirror/state': 6.5.2
      '@codemirror/view': 6.36.5

  codemirror@6.0.1:
    dependencies:
      '@codemirror/autocomplete': 6.18.6
      '@codemirror/commands': 6.8.1
      '@codemirror/language': 6.11.0
      '@codemirror/lint': 6.8.5
      '@codemirror/search': 6.5.10
      '@codemirror/state': 6.5.2
      '@codemirror/view': 6.36.5

  crelt@1.0.6: {}

  debug@4.4.0:
    dependencies:
      ms: 2.1.3

  esbuild@0.25.2:
    optionalDependencies:
      '@esbuild/aix-ppc64': 0.25.2
      '@esbuild/android-arm': 0.25.2
      '@esbuild/android-arm64': 0.25.2
      '@esbuild/android-x64': 0.25.2
      '@esbuild/darwin-arm64': 0.25.2
      '@esbuild/darwin-x64': 0.25.2
      '@esbuild/freebsd-arm64': 0.25.2
      '@esbuild/freebsd-x64': 0.25.2
      '@esbuild/linux-arm': 0.25.2
      '@esbuild/linux-arm64': 0.25.2
      '@esbuild/linux-ia32': 0.25.2
      '@esbuild/linux-loong64': 0.25.2
      '@esbuild/linux-mips64el': 0.25.2
      '@esbuild/linux-ppc64': 0.25.2
      '@esbuild/linux-riscv64': 0.25.2
      '@esbuild/linux-s390x': 0.25.2
      '@esbuild/linux-x64': 0.25.2
      '@esbuild/netbsd-arm64': 0.25.2
      '@esbuild/netbsd-x64': 0.25.2
      '@esbuild/openbsd-arm64': 0.25.2
      '@esbuild/openbsd-x64': 0.25.2
      '@esbuild/sunos-x64': 0.25.2
      '@esbuild/win32-arm64': 0.25.2
      '@esbuild/win32-ia32': 0.25.2
      '@esbuild/win32-x64': 0.25.2

  globals@15.15.0: {}

  js-tokens@8.0.3: {}

  js-tokens@9.0.1: {}

  jsesc@3.1.0: {}

  licia@1.48.0: {}

  luna-console@1.3.5(luna-data-grid@1.4.1)(luna-dom-viewer@1.8.2)(luna-object-viewer@0.3.1):
    dependencies:
      licia: 1.48.0
      luna-data-grid: 1.4.1
      luna-dom-viewer: 1.8.2
      luna-object-viewer: 0.3.1

  luna-data-grid@1.4.1:
    dependencies:
      licia: 1.48.0

  luna-dom-viewer@1.8.2:
    dependencies:
      licia: 1.48.0

  luna-object-viewer@0.3.1:
    dependencies:
      licia: 1.48.0

  magic-string@0.30.17:
    dependencies:
      '@jridgewell/sourcemap-codec': 1.5.0

  ms@2.1.3: {}

  object-inspect@1.13.4: {}

  picocolors@1.1.1: {}

  style-mod@4.1.2: {}

  typescript-template-language-service-decorator@2.3.2: {}

  typescript@5.8.3: {}

  w3c-keyname@2.2.8: {}
